// !$*UTF8*$!
{
	archiveVersion = 1;
	classes = {
	};
	objectVersion = 46;
	objects = {

/* Begin PBXBuildFile section */
		F1DD0E7C1B9B91620060BE21 /* main.cpp in Sources */ = {isa = PBXBuildFile; fileRef = F1DD0E7B1B9B91620060BE21 /* main.cpp */; };
/* End PBXBuildFile section */

/* Begin PBXCopyFilesBuildPhase section */
		F1DD0E761B9B91620060BE21 /* CopyFiles */ = {
			isa = PBXCopyFilesBuildPhase;
			buildActionMask = 2147483647;
			dstPath = /usr/share/man/man1/;
			dstSubfolderSpec = 0;
			files = (
			);
			runOnlyForDeploymentPostprocessing = 1;
		};
/* End PBXCopyFilesBuildPhase section */

/* Begin PBXFileReference section */
		F13C22121B9CF16E009CCE5D /* AVLNode.h */ = {isa = PBXFileReference; lastKnownFileType = sourcecode.c.h; path = AVLNode.h; sourceTree = "<group>"; };
		F13C22131B9CF348009CCE5D /* AVLTree.h */ = {isa = PBXFileReference; lastKnownFileType = sourcecode.c.h; path = AVLTree.h; sourceTree = "<group>"; };
		F1DD0E781B9B91620060BE21 /* Arboles */ = {isa = PBXFileReference; explicitFileType = "compiled.mach-o.executable"; includeInIndex = 0; path = Arboles; sourceTree = BUILT_PRODUCTS_DIR; };
		F1DD0E7B1B9B91620060BE21 /* main.cpp */ = {isa = PBXFileReference; lastKnownFileType = sourcecode.cpp.cpp; path = main.cpp; sourceTree = "<group>"; };
		F1DD0E821B9B91F10060BE21 /* BinarySTree.h */ = {isa = PBXFileReference; fileEncoding = 4; lastKnownFileType = sourcecode.c.h; path = BinarySTree.h; sourceTree = "<group>"; };
		F1DD0E831B9B91F10060BE21 /* BinaryTree.h */ = {isa = PBXFileReference; fileEncoding = 4; lastKnownFileType = sourcecode.c.h; path = BinaryTree.h; sourceTree = "<group>"; };
		F1DD0E841B9B91F10060BE21 /* BNode.h */ = {isa = PBXFileReference; fileEncoding = 4; lastKnownFileType = sourcecode.c.h; path = BNode.h; sourceTree = "<group>"; };
/* End PBXFileReference section */

/* Begin PBXFrameworksBuildPhase section */
		F1DD0E751B9B91620060BE21 /* Frameworks */ = {
			isa = PBXFrameworksBuildPhase;
			buildActionMask = 2147483647;
			files = (
			);
			runOnlyForDeploymentPostprocessing = 0;
		};
/* End PBXFrameworksBuildPhase section */

/* Begin PBXGroup section */
		F1DD0E6F1B9B91620060BE21 = {
			isa = PBXGroup;
			children = (
				F1DD0E7A1B9B91620060BE21 /* Arboles */,
				F1DD0E791B9B91620060BE21 /* Products */,
			);
			sourceTree = "<group>";
		};
		F1DD0E791B9B91620060BE21 /* Products */ = {
			isa = PBXGroup;
			children = (
				F1DD0E781B9B91620060BE21 /* Arboles */,
			);
			name = Products;
			sourceTree = "<group>";
		};
		F1DD0E7A1B9B91620060BE21 /* Arboles */ = {
			isa = PBXGroup;
			children = (
				F1DD0E7B1B9B91620060BE21 /* main.cpp */,
				F1DD0E821B9B91F10060BE21 /* BinarySTree.h */,
				F1DD0E831B9B91F10060BE21 /* BinaryTree.h */,
				F1DD0E841B9B91F10060BE21 /* BNode.h */,
				F13C22121B9CF16E009CCE5D /* AVLNode.h */,
				F13C22131B9CF348009CCE5D /* AVLTree.h */,
			);
			path = Arboles;
			sourceTree = "<group>";
		};
/* End PBXGroup section */

/* Begin PBXNativeTarget section */
		F1DD0E771B9B91620060BE21 /* Arboles */ = {
			isa = PBXNativeTarget;
			buildConfigurationList = F1DD0E7F1B9B91620060BE21 /* Build configuration list for PBXNativeTarget "Arboles" */;
			buildPhases = (
				F1DD0E741B9B91620060BE21 /* Sources */,
				F1DD0E751B9B91620060BE21 /* Frameworks */,
				F1DD0E761B9B91620060BE21 /* CopyFiles */,
			);
			buildRules = (
			);
			dependencies = (
			);
			name = Arboles;
			productName = Arboles;
			productReference = F1DD0E781B9B91620060BE21 /* Arboles */;
			productType = "com.apple.product-type.tool";
		};
/* End PBXNativeTarget section */

/* Begin PBXProject section */
		F1DD0E701B9B91620060BE21 /* Project object */ = {
			isa = PBXProject;
			attributes = {
				LastUpgradeCheck = 0700;
				ORGANIZATIONNAME = "Krikor Bisdikian G.";
				TargetAttributes = {
					F1DD0E771B9B91620060BE21 = {
						CreatedOnToolsVersion = 7.0;
					};
				};
			};
			buildConfigurationList = F1DD0E731B9B91620060BE21 /* Build configuration list for PBXProject "Arboles" */;
			compatibilityVersion = "Xcode 3.2";
			developmentRegion = English;
			hasScannedForEncodings = 0;
			knownRegions = (
				en,
			);
			mainGroup = F1DD0E6F1B9B91620060BE21;
			productRefGroup = F1DD0E791B9B91620060BE21 /* Products */;
			projectDirPath = "";
			projectRoot = "";
			targets = (
				F1DD0E771B9B91620060BE21 /* Arboles */,
			);
		};
/* End PBXProject section */

/* Begin PBXSourcesBuildPhase section */
		F1DD0E741B9B91620060BE21 /* Sources */ = {
			isa = PBXSourcesBuildPhase;
			buildActionMask = 2147483647;
			files = (
				F1DD0E7C1B9B91620060BE21 /* main.cpp in Sources */,
			);
			runOnlyForDeploymentPostprocessing = 0;
		};
/* End PBXSourcesBuildPhase section */

/* Begin XCBuildConfiguration section */
		F1DD0E7D1B9B91620060BE21 /* Debug */ = {
			isa = XCBuildConfiguration;
			buildSettings = {
				ALWAYS_SEARCH_USER_PATHS = NO;
				CLANG_CXX_LANGUAGE_STANDARD = "gnu++0x";
				CLANG_CXX_LIBRARY = "libc++";
				CLANG_ENABLE_MODULES = YES;
				CLANG_ENABLE_OBJC_ARC = YES;
				CLANG_WARN_BOOL_CONVERSION = YES;
				CLANG_WARN_CONSTANT_CONVERSION = YES;
				CLANG_WARN_DIRECT_OBJC_ISA_USAGE = YES_ERROR;
				CLANG_WARN_EMPTY_BODY = YES;
				CLANG_WARN_ENUM_CONVERSION = YES;
				CLANG_WARN_INT_CONVERSION = YES;
				CLANG_WARN_OBJC_ROOT_CLASS = YES_ERROR;
				CLANG_WARN_UNREACHABLE_CODE = YES;
				CLANG_WARN__DUPLICATE_METHOD_MATCH = YES;
				COPY_PHASE_STRIP = NO;
				DEBUG_INFORMATION_FORMAT = dwarf;
				ENABLE_STRICT_OBJC_MSGSEND = YES;
				ENABLE_TESTABILITY = YES;
				GCC_C_LANGUAGE_STANDARD = gnu99;
				GCC_DYNAMIC_NO_PIC = NO;
				GCC_NO_COMMON_BLOCKS = YES;
				GCC_OPTIMIZATION_LEVEL = 0;
				GCC_PREPROCESSOR_DEFINITIONS = (
					"DEBUG=1",
					"$(inherited)",
				);
				GCC_WARN_64_TO_32_BIT_CONVERSION = YES;
				GCC_WARN_ABOUT_RETURN_TYPE = YES_ERROR;
				GCC_WARN_UNDECLARED_SELECTOR = YES;
				GCC_WARN_UNINITIALIZED_AUTOS = YES_AGGRESSIVE;
				GCC_WARN_UNUSED_FUNCTION = YES;
				GCC_WARN_UNUSED_VARIABLE = YES;
				MACOSX_DEPLOYMENT_TARGET = 10.11;
				MTL_ENABLE_DEBUG_INFO = YES;
				ONLY_ACTIVE_ARCH = YES;
				SDKROOT = macosx;
			};
			name = Debug;
		};
		F1DD0E7E1B9B91620060BE21 /* Release */ = {
			isa = XCBuildConfiguration;
			buildSettings = {
				ALWAYS_SEARCH_USER_PATHS = NO;
				CLANG_CXX_LANGUAGE_STANDARD = "gnu++0x";
				CLANG_CXX_LIBRARY = "libc++";
				CLANG_ENABLE_MODULES = YES;
				CLANG_ENABLE_OBJC_ARC = YES;
				CLANG_WARN_BOOL_CONVERSION = YES;
				CLANG_WARN_CONSTANT_CONVERSION = YES;
				CLANG_WARN_DIRECT_OBJC_ISA_USAGE = YES_ERROR;
				CLANG_WARN_EMPTY_BODY = YES;
				CLANG_WARN_ENUM_CONVERSION = YES;
				CLANG_WARN_INT_CONVERSION = YES;
				CLANG_WARN_OBJC_ROOT_CLASS = YES_ERROR;
				CLANG_WARN_UNREACHABLE_CODE = YES;
				CLANG_WARN__DUPLICATE_METHOD_MATCH = YES;
				COPY_PHASE_STRIP = NO;
				DEBUG_INFORMATION_FORMAT = "dwarf-with-dsym";
				ENABLE_NS_ASSERTIONS = NO;
				ENABLE_STRICT_OBJC_MSGSEND = YES;
				GCC_C_LANGUAGE_STANDARD = gnu99;
				GCC_NO_COMMON_BLOCKS = YES;
				GCC_WARN_64_TO_32_BIT_CONVERSION = YES;
				GCC_WARN_ABOUT_RETURN_TYPE = YES_ERROR;
				GCC_WARN_UNDECLARED_SELECTOR = YES;
				GCC_WARN_UNINITIALIZED_AUTOS = YES_AGGRESSIVE;
				GCC_WARN_UNUSED_FUNCTION = YES;
				GCC_WARN_UNUSED_VARIABLE = YES;
				MACOSX_DEPLOYMENT_TARGET = 10.11;
				MTL_ENABLE_DEBUG_INFO = NO;
				SDKROOT = macosx;
			};
			name = Release;
		};
		F1DD0E801B9B91620060BE21 /* Debug */ = {
			isa = XCBuildConfiguration;
			buildSettings = {
				PRODUCT_NAME = "$(TARGET_NAME)";
			};
			name = Debug;
		};
		F1DD0E811B9B91620060BE21 /* Release */ = {
			isa = XCBuildConfiguration;
			buildSettings = {
				PRODUCT_NAME = "$(TARGET_NAME)";
			};
			name = Release;
		};
/* End XCBuildConfiguration section */

/* Begin XCConfigurationList section */
		F1DD0E731B9B91620060BE21 /* Build configuration list for PBXProject "Arboles" */ = {
			isa = XCConfigurationList;
			buildConfigurations = (
				F1DD0E7D1B9B91620060BE21 /* Debug */,
				F1DD0E7E1B9B91620060BE21 /* Release */,
			);
			defaultConfigurationIsVisible = 0;
			defaultConfigurationName = Release;
		};
		F1DD0E7F1B9B91620060BE21 /* Build configuration list for PBXNativeTarget "Arboles" */ = {
			isa = XCConfigurationList;
			buildConfigurations = (
				F1DD0E801B9B91620060BE21 /* Debug */,
				F1DD0E811B9B91620060BE21 /* Release */,
			);
			defaultConfigurationIsVisible = 0;
			defaultConfigurationName = Release;
		};
/* End XCConfigurationList section */
	};
	rootObject = F1DD0E701B9B91620060BE21 /* Project object */;
}
